<?xml version="1.0" encoding="utf-8"?>
<Project ToolsVersion="4.0" xmlns="http://schemas.microsoft.com/developer/msbuild/2003">
  <ItemGroup>
    <Filter Include="Source Files">
      <UniqueIdentifier>{4FC737F1-C7A5-4376-A066-2A32D752A2FF}</UniqueIdentifier>
      <Extensions>cpp;c;cc;cxx;def;odl;idl;hpj;bat;asm;asmx</Extensions>
    </Filter>
    <Filter Include="Header Files">
      <UniqueIdentifier>{93995380-89BD-4b04-88EB-625FBE52EBFB}</UniqueIdentifier>
      <Extensions>h;hh;hpp;hxx;hm;inl;inc;xsd</Extensions>
    </Filter>
    <Filter Include="Resource Files">
      <UniqueIdentifier>{67DA6AB6-F800-4c08-8B7A-83BB121AAD01}</UniqueIdentifier>
      <Extensions>rc;ico;cur;bmp;dlg;rc2;rct;bin;rgs;gif;jpg;jpeg;jpe;resx;tiff;tif;png;wav;mfcribbon-ms</Extensions>
    </Filter>
    <Filter Include="Source Files\PlatformRelated">
      <UniqueIdentifier>{5e7eca55-8cb3-4a29-a5e1-5dde9fa0c820}</UniqueIdentifier>
    </Filter>
    <Filter Include="Source Files\Screens">
      <UniqueIdentifier>{f8143824-6e9e-476e-9025-b192521e9e7c}</UniqueIdentifier>
    </Filter>
    <Filter Include="Source Files\Controls">
      <UniqueIdentifier>{708e01c5-a1ff-441e-9233-f85ccc0b1c18}</UniqueIdentifier>
    </Filter>
  </ItemGroup>
  <ItemGroup>
    <Image Include="ms-icon-150x150.png">
      <Filter>Resource Files</Filter>
    </Image>
    <Image Include="favicon-32x32.png">
      <Filter>Resource Files</Filter>
    </Image>
    <Image Include="FrontPanel.PNG">
      <Filter>Resource Files</Filter>
    </Image>
    <Image Include="UI_ASSIGN KEYBOARD CV.png">
      <Filter>Resource Files</Filter>
    </Image>
    <Image Include="UI_ASSIGN LFO.png">
      <Filter>Resource Files</Filter>
    </Image>
    <Image Include="UI_HOME.png">
      <Filter>Resource Files</Filter>
    </Image>
    <Image Include="UI_MAINBG.png">
      <Filter>Resource Files</Filter>
    </Image>
    <Image Include="UI_SPRITESHEET.png">
      <Filter>Resource Files</Filter>
    </Image>
    <Image Include="UI_VCO 1 Settings.png">
      <Filter>Resource Files</Filter>
    </Image>
  </ItemGroup>
  <ItemGroup>
    <ClCompile Include="PanSim.cpp">
      <Filter>Source Files</Filter>
    </ClCompile>
    <ClCompile Include="..\Raspberry\finalpangui.cpp">
      <Filter>Source Files</Filter>
    </ClCompile>
    <ClCompile Include="..\libs\gl3w-master\src\gl3w.c">
      <Filter>Source Files\PlatformRelated</Filter>
    </ClCompile>
    <ClCompile Include="..\libs\imgui-master\imgui.cpp">
      <Filter>Source Files\PlatformRelated</Filter>
    </ClCompile>
    <ClCompile Include="..\libs\imgui-master\imgui_draw.cpp">
      <Filter>Source Files\PlatformRelated</Filter>
    </ClCompile>
    <ClCompile Include="..\libs\imgui-master\examples\sdl_opengl3_example\imgui_impl_sdl_gl3.cpp">
      <Filter>Source Files\PlatformRelated</Filter>
    </ClCompile>
    <ClCompile Include="..\libs\lodepng-master\lodepng.cpp">
      <Filter>Source Files\PlatformRelated</Filter>
    </ClCompile>
    <ClCompile Include="..\Raspberry\ModSourceScreen.cpp">
      <Filter>Source Files\Screens</Filter>
    </ClCompile>
    <ClCompile Include="..\Raspberry\ModSourceSelectorModal.cpp">
      <Filter>Source Files\Screens</Filter>
    </ClCompile>
    <ClCompile Include="..\Raspberry\ModTargetModal.cpp">
      <Filter>Source Files\Screens</Filter>
    </ClCompile>
    <ClCompile Include="..\Raspberry\VCF2StructureScreen.cpp">
      <Filter>Source Files\Screens</Filter>
    </ClCompile>
    <ClCompile Include="..\Raspberry\BottomEncoder.cpp">
      <Filter>Source Files\Controls</Filter>
    </ClCompile>
    <ClCompile Include="..\Raspberry\ScreenSetup.cpp">
      <Filter>Source Files\Controls</Filter>
    </ClCompile>
    <ClCompile Include="..\Raspberry\HomeScreen.cpp">
      <Filter>Source Files\Screens</Filter>
    </ClCompile>
    <ClCompile Include="..\Raspberry\ParameterModal.cpp">
      <Filter>Source Files\Screens</Filter>
    </ClCompile>
    <ClCompile Include="..\Raspberry\NewModulationModal.cpp">
      <Filter>Source Files\Screens</Filter>
    </ClCompile>
    <ClCompile Include="..\Raspberry\BuildScreens.cpp">
      <Filter>Source Files</Filter>
    </ClCompile>
    <ClCompile Include="..\Raspberry\ExtraScreenDefinitions.cpp">
      <Filter>Source Files</Filter>
    </ClCompile>
    <ClCompile Include="..\Raspberry\ArpeggiatorScreen.cpp">
      <Filter>Source Files\Screens</Filter>
    </ClCompile>
    <ClCompile Include="..\Raspberry\KeyZoneScreen.cpp">
      <Filter>Source Files</Filter>
    </ClCompile>
    <ClCompile Include="..\Raspberry\SwitchDebug.cpp">
      <Filter>Source Files\Screens</Filter>
    </ClCompile>
  </ItemGroup>
  <ItemGroup>
    <Font Include="ProggyTiny.ttf" />
  </ItemGroup>
  <ItemGroup>
    <ClInclude Include="..\Raspberry\PanPreset.h">
      <Filter>Header Files</Filter>
    </ClInclude>
    <ClInclude Include="..\Raspberry\PanUiMap.h">
      <Filter>Header Files</Filter>
    </ClInclude>
    <ClInclude Include="..\Raspberry\PanHeader.h">
      <Filter>Header Files</Filter>
    </ClInclude>
    <ClInclude Include="..\Raspberry\Gui.h">
      <Filter>Header Files</Filter>
    </ClInclude>
    <ClInclude Include="..\Raspberry\FinalPanEnums.h">
      <Filter>Header Files</Filter>
    </ClInclude>
    <ClInclude Include="..\Raspberry\FinalPanHeader.h">
      <Filter>Header Files</Filter>
    </ClInclude>
    <ClInclude Include="..\Raspberry\ParameterModal.h">
      <Filter>Source Files\Screens</Filter>
    </ClInclude>
    <ClInclude Include="..\Raspberry\NewModulationModal.h">
      <Filter>Source Files\Screens</Filter>
    </ClInclude>
    <ClInclude Include="..\Raspberry\ExtraScreenDefinitions.h">
      <Filter>Header Files</Filter>
    </ClInclude>
    <ClInclude Include="..\Raspberry\ArpeggiatorScreen.h">
      <Filter>Header Files</Filter>
    </ClInclude>
    <ClInclude Include="..\Raspberry\ModSourceScreen.h">
      <Filter>Header Files</Filter>
    </ClInclude>
    <ClInclude Include="..\Raspberry\ModSourceSelectorModal.h">
      <Filter>Header Files</Filter>
    </ClInclude>
    <ClInclude Include="..\Raspberry\KeyZoneScreen.h">
      <Filter>Header Files</Filter>
    </ClInclude>
    <ClInclude Include="..\Raspberry\ArpSettings.h">
      <Filter>Header Files</Filter>
    </ClInclude>
    <ClInclude Include="..\Raspberry\SwitchDebug.h">
      <Filter>Header Files</Filter>
    </ClInclude>
  </ItemGroup>
  <ItemGroup>
    <Library Include="..\libs\SDL2-2.0.7\lib\x86\SDL2.lib" />
    <Library Include="..\libs\SDL2-2.0.7\lib\x86\SDL2main.lib" />
  </ItemGroup>
</Project>