
Microsoft Visual Studio Solution File, Format Version 12.00
# Visual Studio 15
VisualStudioVersion = 15.0.26430.16
MinimumVisualStudioVersion = 10.0.40219.1
Project("{8BC9CEB8-8B4A-11D0-8D11-00A0C91BC942}") = "PanSim", "PanSim.vcxproj", "{15FE799D-F752-43BC-8EBF-542B1FA5282B}"
EndProject
Project("{8BC9CEB8-8B4A-11D0-8D11-00A0C91BC942}") = "Raspberry", "..\Raspberry\Raspberry.vcxproj", "{54E201CC-50DC-4BC9-A55D-B85533306804}"
EndProject
Project("{FAE04EC0-301F-11D3-BF4B-00C04F79EFBC}") = "SliderTest", "..\SliderTest\SliderTest.csproj", "{BC18423E-4769-4C09-AB73-5A1DF20EADA0}"
EndProject
Global
	GlobalSection(SolutionConfigurationPlatforms) = preSolution
		Debug|Any CPU = Debug|Any CPU
		Debug|x64 = Debug|x64
		Debug|x86 = Debug|x86
		Release|Any CPU = Release|Any CPU
		Release|x64 = Release|x64
		Release|x86 = Release|x86
	EndGlobalSection
	GlobalSection(ProjectConfigurationPlatforms) = postSolution
		{15FE799D-F752-43BC-8EBF-542B1FA5282B}.Debug|Any CPU.ActiveCfg = Debug|Win32
		{15FE799D-F752-43BC-8EBF-542B1FA5282B}.Debug|x64.ActiveCfg = Debug|x64
		{15FE799D-F752-43BC-8EBF-542B1FA5282B}.Debug|x64.Build.0 = Debug|x64
		{15FE799D-F752-43BC-8EBF-542B1FA5282B}.Debug|x86.ActiveCfg = Debug|Win32
		{15FE799D-F752-43BC-8EBF-542B1FA5282B}.Debug|x86.Build.0 = Debug|Win32
		{15FE799D-F752-43BC-8EBF-542B1FA5282B}.Release|Any CPU.ActiveCfg = Release|Win32
		{15FE799D-F752-43BC-8EBF-542B1FA5282B}.Release|x64.ActiveCfg = Release|x64
		{15FE799D-F752-43BC-8EBF-542B1FA5282B}.Release|x64.Build.0 = Release|x64
		{15FE799D-F752-43BC-8EBF-542B1FA5282B}.Release|x86.ActiveCfg = Release|Win32
		{15FE799D-F752-43BC-8EBF-542B1FA5282B}.Release|x86.Build.0 = Release|Win32
		{54E201CC-50DC-4BC9-A55D-B85533306804}.Debug|Any CPU.ActiveCfg = Debug|Win32
		{54E201CC-50DC-4BC9-A55D-B85533306804}.Debug|x64.ActiveCfg = Debug|x64
		{54E201CC-50DC-4BC9-A55D-B85533306804}.Debug|x64.Build.0 = Debug|x64
		{54E201CC-50DC-4BC9-A55D-B85533306804}.Debug|x86.ActiveCfg = Debug|Win32
		{54E201CC-50DC-4BC9-A55D-B85533306804}.Debug|x86.Build.0 = Debug|Win32
		{54E201CC-50DC-4BC9-A55D-B85533306804}.Release|Any CPU.ActiveCfg = Release|Win32
		{54E201CC-50DC-4BC9-A55D-B85533306804}.Release|x64.ActiveCfg = Release|x64
		{54E201CC-50DC-4BC9-A55D-B85533306804}.Release|x64.Build.0 = Release|x64
		{54E201CC-50DC-4BC9-A55D-B85533306804}.Release|x86.ActiveCfg = Release|Win32
		{54E201CC-50DC-4BC9-A55D-B85533306804}.Release|x86.Build.0 = Release|Win32
		{BC18423E-4769-4C09-AB73-5A1DF20EADA0}.Debug|Any CPU.ActiveCfg = Debug|Any CPU
		{BC18423E-4769-4C09-AB73-5A1DF20EADA0}.Debug|Any CPU.Build.0 = Debug|Any CPU
		{BC18423E-4769-4C09-AB73-5A1DF20EADA0}.Debug|x64.ActiveCfg = Debug|Any CPU
		{BC18423E-4769-4C09-AB73-5A1DF20EADA0}.Debug|x64.Build.0 = Debug|Any CPU
		{BC18423E-4769-4C09-AB73-5A1DF20EADA0}.Debug|x86.ActiveCfg = Debug|Any CPU
		{BC18423E-4769-4C09-AB73-5A1DF20EADA0}.Debug|x86.Build.0 = Debug|Any CPU
		{BC18423E-4769-4C09-AB73-5A1DF20EADA0}.Release|Any CPU.ActiveCfg = Release|Any CPU
		{BC18423E-4769-4C09-AB73-5A1DF20EADA0}.Release|Any CPU.Build.0 = Release|Any CPU
		{BC18423E-4769-4C09-AB73-5A1DF20EADA0}.Release|x64.ActiveCfg = Release|Any CPU
		{BC18423E-4769-4C09-AB73-5A1DF20EADA0}.Release|x64.Build.0 = Release|Any CPU
		{BC18423E-4769-4C09-AB73-5A1DF20EADA0}.Release|x86.ActiveCfg = Release|Any CPU
		{BC18423E-4769-4C09-AB73-5A1DF20EADA0}.Release|x86.Build.0 = Release|Any CPU
	EndGlobalSection
	GlobalSection(SolutionProperties) = preSolution
		HideSolutionNode = FALSE
	EndGlobalSection
	GlobalSection(ExtensibilityGlobals) = postSolution
		SolutionGuid = {D1FC6FAF-AC4A-4871-A13A-66305240FD56}
	EndGlobalSection
EndGlobal
